// !$*UTF8*$!
{
	archiveVersion = 1;
	classes = {
	};
	objectVersion = 55;
	objects = {

/* Begin PBXBuildFile section */
		175E817B2869AEF900D43246 /* AppDelegate.swift in Sources */ = {isa = PBXBuildFile; fileRef = 175E817A2869AEF900D43246 /* AppDelegate.swift */; };
		175E817D2869AEF900D43246 /* SceneDelegate.swift in Sources */ = {isa = PBXBuildFile; fileRef = 175E817C2869AEF900D43246 /* SceneDelegate.swift */; };
		175E817F2869AEF900D43246 /* LoginViewController.swift in Sources */ = {isa = PBXBuildFile; fileRef = 175E817E2869AEF900D43246 /* LoginViewController.swift */; };
		175E81822869AEF900D43246 /* Main.storyboard in Resources */ = {isa = PBXBuildFile; fileRef = 175E81802869AEF900D43246 /* Main.storyboard */; };
		175E81842869AEFB00D43246 /* Assets.xcassets in Resources */ = {isa = PBXBuildFile; fileRef = 175E81832869AEFB00D43246 /* Assets.xcassets */; };
		175E81872869AEFB00D43246 /* LaunchScreen.storyboard in Resources */ = {isa = PBXBuildFile; fileRef = 175E81852869AEFB00D43246 /* LaunchScreen.storyboard */; };
		176453F52879ADDC0041920E /* URLRequests.swift in Sources */ = {isa = PBXBuildFile; fileRef = 176453F42879ADDC0041920E /* URLRequests.swift */; };
		17645417287B07390041920E /* Groups.swift in Sources */ = {isa = PBXBuildFile; fileRef = 17645416287B07390041920E /* Groups.swift */; };
		17962D982874C4D1003F5A7B /* NavigationViewController.swift in Sources */ = {isa = PBXBuildFile; fileRef = 17962D972874C4D1003F5A7B /* NavigationViewController.swift */; };
		17C9AF682869CABE00D8E198 /* FriendsViewController.swift in Sources */ = {isa = PBXBuildFile; fileRef = 17C9AF672869CABE00D8E198 /* FriendsViewController.swift */; };
		17C9AF6C2869CAE600D8E198 /* GalleryViewController.swift in Sources */ = {isa = PBXBuildFile; fileRef = 17C9AF6B2869CAE600D8E198 /* GalleryViewController.swift */; };
		17C9AF6E2869CF4600D8E198 /* SingleTon.swift in Sources */ = {isa = PBXBuildFile; fileRef = 17C9AF6D2869CF4600D8E198 /* SingleTon.swift */; };
		17C9AF702869CF6000D8E198 /* Extension.swift in Sources */ = {isa = PBXBuildFile; fileRef = 17C9AF6F2869CF6000D8E198 /* Extension.swift */; };
		17C9AF732869CF7F00D8E198 /* CollectionViewCell.swift in Sources */ = {isa = PBXBuildFile; fileRef = 17C9AF712869CF7F00D8E198 /* CollectionViewCell.swift */; };
		17C9AF742869CF7F00D8E198 /* CollectionViewCell.xib in Resources */ = {isa = PBXBuildFile; fileRef = 17C9AF722869CF7F00D8E198 /* CollectionViewCell.xib */; };
		17C9AF772869CF9B00D8E198 /* TableViewCell.swift in Sources */ = {isa = PBXBuildFile; fileRef = 17C9AF752869CF9B00D8E198 /* TableViewCell.swift */; };
		17C9AF782869CF9B00D8E198 /* TableViewCell.xib in Resources */ = {isa = PBXBuildFile; fileRef = 17C9AF762869CF9B00D8E198 /* TableViewCell.xib */; };
		17C9AF7B286AD60C00D8E198 /* readme.swift in Sources */ = {isa = PBXBuildFile; fileRef = 17C9AF7A286AD60C00D8E198 /* readme.swift */; };
		17EA71D72880090E00DD9B8A /* Friends.swift in Sources */ = {isa = PBXBuildFile; fileRef = 17EA71D62880090E00DD9B8A /* Friends.swift */; };
		17EA71FB2880271500DD9B8A /* Response.swift in Sources */ = {isa = PBXBuildFile; fileRef = 17EA71FA2880271500DD9B8A /* Response.swift */; };
		17EA71FE2880279100DD9B8A /* ArrayWithData.swift in Sources */ = {isa = PBXBuildFile; fileRef = 17EA71FD2880279100DD9B8A /* ArrayWithData.swift */; };
		17EA7200288035EC00DD9B8A /* PhotoData.swift in Sources */ = {isa = PBXBuildFile; fileRef = 17EA71FF288035EB00DD9B8A /* PhotoData.swift */; };
		17EA7203288038E400DD9B8A /* GroupData.swift in Sources */ = {isa = PBXBuildFile; fileRef = 17EA7202288038E400DD9B8A /* GroupData.swift */; };
/* End PBXBuildFile section */

/* Begin PBXFileReference section */
		175E81772869AEF900D43246 /* Social Network Client.app */ = {isa = PBXFileReference; explicitFileType = wrapper.application; includeInIndex = 0; path = "Social Network Client.app"; sourceTree = BUILT_PRODUCTS_DIR; };
		175E817A2869AEF900D43246 /* AppDelegate.swift */ = {isa = PBXFileReference; lastKnownFileType = sourcecode.swift; path = AppDelegate.swift; sourceTree = "<group>"; };
		175E817C2869AEF900D43246 /* SceneDelegate.swift */ = {isa = PBXFileReference; lastKnownFileType = sourcecode.swift; path = SceneDelegate.swift; sourceTree = "<group>"; };
		175E817E2869AEF900D43246 /* LoginViewController.swift */ = {isa = PBXFileReference; lastKnownFileType = sourcecode.swift; path = LoginViewController.swift; sourceTree = "<group>"; };
		175E81812869AEF900D43246 /* Base */ = {isa = PBXFileReference; lastKnownFileType = file.storyboard; name = Base; path = Base.lproj/Main.storyboard; sourceTree = "<group>"; };
		175E81832869AEFB00D43246 /* Assets.xcassets */ = {isa = PBXFileReference; lastKnownFileType = folder.assetcatalog; path = Assets.xcassets; sourceTree = "<group>"; };
		175E81862869AEFB00D43246 /* Base */ = {isa = PBXFileReference; lastKnownFileType = file.storyboard; name = Base; path = Base.lproj/LaunchScreen.storyboard; sourceTree = "<group>"; };
		175E81882869AEFB00D43246 /* Info.plist */ = {isa = PBXFileReference; lastKnownFileType = text.plist.xml; path = Info.plist; sourceTree = "<group>"; };
		176453F42879ADDC0041920E /* URLRequests.swift */ = {isa = PBXFileReference; lastKnownFileType = sourcecode.swift; path = URLRequests.swift; sourceTree = "<group>"; };
		17645416287B07390041920E /* Groups.swift */ = {isa = PBXFileReference; lastKnownFileType = sourcecode.swift; path = Groups.swift; sourceTree = "<group>"; };
		17962D972874C4D1003F5A7B /* NavigationViewController.swift */ = {isa = PBXFileReference; lastKnownFileType = sourcecode.swift; path = NavigationViewController.swift; sourceTree = "<group>"; };
		17C9AF672869CABE00D8E198 /* FriendsViewController.swift */ = {isa = PBXFileReference; lastKnownFileType = sourcecode.swift; path = FriendsViewController.swift; sourceTree = "<group>"; };
		17C9AF6B2869CAE600D8E198 /* GalleryViewController.swift */ = {isa = PBXFileReference; lastKnownFileType = sourcecode.swift; path = GalleryViewController.swift; sourceTree = "<group>"; };
		17C9AF6D2869CF4600D8E198 /* SingleTon.swift */ = {isa = PBXFileReference; lastKnownFileType = sourcecode.swift; path = SingleTon.swift; sourceTree = "<group>"; };
		17C9AF6F2869CF6000D8E198 /* Extension.swift */ = {isa = PBXFileReference; lastKnownFileType = sourcecode.swift; path = Extension.swift; sourceTree = "<group>"; };
		17C9AF712869CF7F00D8E198 /* CollectionViewCell.swift */ = {isa = PBXFileReference; lastKnownFileType = sourcecode.swift; path = CollectionViewCell.swift; sourceTree = "<group>"; };
		17C9AF722869CF7F00D8E198 /* CollectionViewCell.xib */ = {isa = PBXFileReference; lastKnownFileType = file.xib; path = CollectionViewCell.xib; sourceTree = "<group>"; };
		17C9AF752869CF9B00D8E198 /* TableViewCell.swift */ = {isa = PBXFileReference; lastKnownFileType = sourcecode.swift; path = TableViewCell.swift; sourceTree = "<group>"; };
		17C9AF762869CF9B00D8E198 /* TableViewCell.xib */ = {isa = PBXFileReference; lastKnownFileType = file.xib; path = TableViewCell.xib; sourceTree = "<group>"; };
		17C9AF7A286AD60C00D8E198 /* readme.swift */ = {isa = PBXFileReference; lastKnownFileType = sourcecode.swift; path = readme.swift; sourceTree = "<group>"; };
		17EA71D62880090E00DD9B8A /* Friends.swift */ = {isa = PBXFileReference; lastKnownFileType = sourcecode.swift; path = Friends.swift; sourceTree = "<group>"; };
		17EA71FA2880271500DD9B8A /* Response.swift */ = {isa = PBXFileReference; lastKnownFileType = sourcecode.swift; path = Response.swift; sourceTree = "<group>"; };
		17EA71FD2880279100DD9B8A /* ArrayWithData.swift */ = {isa = PBXFileReference; lastKnownFileType = sourcecode.swift; path = ArrayWithData.swift; sourceTree = "<group>"; };
		17EA71FF288035EB00DD9B8A /* PhotoData.swift */ = {isa = PBXFileReference; lastKnownFileType = sourcecode.swift; path = PhotoData.swift; sourceTree = "<group>"; };
		17EA7202288038E400DD9B8A /* GroupData.swift */ = {isa = PBXFileReference; lastKnownFileType = sourcecode.swift; path = GroupData.swift; sourceTree = "<group>"; };
/* End PBXFileReference section */

/* Begin PBXFrameworksBuildPhase section */
		175E81742869AEF900D43246 /* Frameworks */ = {
			isa = PBXFrameworksBuildPhase;
			buildActionMask = 2147483647;
			files = (
			);
			runOnlyForDeploymentPostprocessing = 0;
		};
/* End PBXFrameworksBuildPhase section */

/* Begin PBXGroup section */
		175E816E2869AEF800D43246 = {
			isa = PBXGroup;
			children = (
				175E81792869AEF900D43246 /* Social Network Client */,
				175E81782869AEF900D43246 /* Products */,
			);
			sourceTree = "<group>";
		};
		175E81782869AEF900D43246 /* Products */ = {
			isa = PBXGroup;
			children = (
				175E81772869AEF900D43246 /* Social Network Client.app */,
			);
			name = Products;
			sourceTree = "<group>";
		};
		175E81792869AEF900D43246 /* Social Network Client */ = {
			isa = PBXGroup;
			children = (
				175E817A2869AEF900D43246 /* AppDelegate.swift */,
				175E817C2869AEF900D43246 /* SceneDelegate.swift */,
				175E817E2869AEF900D43246 /* LoginViewController.swift */,
				175E81802869AEF900D43246 /* Main.storyboard */,
				17645416287B07390041920E /* Groups.swift */,
				17962D972874C4D1003F5A7B /* NavigationViewController.swift */,
				17C9AF6D2869CF4600D8E198 /* SingleTon.swift */,
				17EA71FC2880273700DD9B8A /* FriendsData */,
				176453F42879ADDC0041920E /* URLRequests.swift */,
				17C9AF6F2869CF6000D8E198 /* Extension.swift */,
				17C9AF792869CFA200D8E198 /* Cells */,
				17C9AF672869CABE00D8E198 /* FriendsViewController.swift */,
				17C9AF6B2869CAE600D8E198 /* GalleryViewController.swift */,
				17C9AF7A286AD60C00D8E198 /* readme.swift */,
				175E81832869AEFB00D43246 /* Assets.xcassets */,
				175E81852869AEFB00D43246 /* LaunchScreen.storyboard */,
				175E81882869AEFB00D43246 /* Info.plist */,
			);
			path = "Social Network Client";
			sourceTree = "<group>";
		};
		17C9AF792869CFA200D8E198 /* Cells */ = {
			isa = PBXGroup;
			children = (
				17C9AF712869CF7F00D8E198 /* CollectionViewCell.swift */,
				17C9AF752869CF9B00D8E198 /* TableViewCell.swift */,
				17C9AF762869CF9B00D8E198 /* TableViewCell.xib */,
				17C9AF722869CF7F00D8E198 /* CollectionViewCell.xib */,
			);
			path = Cells;
			sourceTree = "<group>";
		};
		17EA71FC2880273700DD9B8A /* FriendsData */ = {
			isa = PBXGroup;
			children = (
				17EA7202288038E400DD9B8A /* GroupData.swift */,
				17EA71FF288035EB00DD9B8A /* PhotoData.swift */,
				17EA71D62880090E00DD9B8A /* Friends.swift */,
				17EA71FD2880279100DD9B8A /* ArrayWithData.swift */,
				17EA71FA2880271500DD9B8A /* Response.swift */,
			);
			path = FriendsData;
			sourceTree = "<group>";
		};
/* End PBXGroup section */

/* Begin PBXNativeTarget section */
		175E81762869AEF900D43246 /* Social Network Client */ = {
			isa = PBXNativeTarget;
			buildConfigurationList = 175E818B2869AEFB00D43246 /* Build configuration list for PBXNativeTarget "Social Network Client" */;
			buildPhases = (
				175E81732869AEF900D43246 /* Sources */,
				175E81742869AEF900D43246 /* Frameworks */,
				175E81752869AEF900D43246 /* Resources */,
			);
			buildRules = (
			);
			dependencies = (
			);
			name = "Social Network Client";
			productName = "Social Network Client";
			productReference = 175E81772869AEF900D43246 /* Social Network Client.app */;
			productType = "com.apple.product-type.application";
		};
/* End PBXNativeTarget section */

/* Begin PBXProject section */
		175E816F2869AEF900D43246 /* Project object */ = {
			isa = PBXProject;
			attributes = {
				BuildIndependentTargetsInParallel = 1;
				LastSwiftUpdateCheck = 1340;
				LastUpgradeCheck = 1340;
				TargetAttributes = {
					175E81762869AEF900D43246 = {
						CreatedOnToolsVersion = 13.4.1;
					};
				};
			};
			buildConfigurationList = 175E81722869AEF900D43246 /* Build configuration list for PBXProject "Social Network Client" */;
			compatibilityVersion = "Xcode 13.0";
			developmentRegion = en;
			hasScannedForEncodings = 0;
			knownRegions = (
				en,
				Base,
			);
			mainGroup = 175E816E2869AEF800D43246;
			productRefGroup = 175E81782869AEF900D43246 /* Products */;
			projectDirPath = "";
			projectRoot = "";
			targets = (
				175E81762869AEF900D43246 /* Social Network Client */,
			);
		};
/* End PBXProject section */

/* Begin PBXResourcesBuildPhase section */
		175E81752869AEF900D43246 /* Resources */ = {
			isa = PBXResourcesBuildPhase;
			buildActionMask = 2147483647;
			files = (
				175E81872869AEFB00D43246 /* LaunchScreen.storyboard in Resources */,
				17C9AF782869CF9B00D8E198 /* TableViewCell.xib in Resources */,
				175E81842869AEFB00D43246 /* Assets.xcassets in Resources */,
				17C9AF742869CF7F00D8E198 /* CollectionViewCell.xib in Resources */,
				175E81822869AEF900D43246 /* Main.storyboard in Resources */,
			);
			runOnlyForDeploymentPostprocessing = 0;
		};
/* End PBXResourcesBuildPhase section */

/* Begin PBXSourcesBuildPhase section */
		175E81732869AEF900D43246 /* Sources */ = {
			isa = PBXSourcesBuildPhase;
			buildActionMask = 2147483647;
			files = (
				17962D982874C4D1003F5A7B /* NavigationViewController.swift in Sources */,
				17EA71D72880090E00DD9B8A /* Friends.swift in Sources */,
				17C9AF6E2869CF4600D8E198 /* SingleTon.swift in Sources */,
				17EA71FE2880279100DD9B8A /* ArrayWithData.swift in Sources */,
				17C9AF682869CABE00D8E198 /* FriendsViewController.swift in Sources */,
				17EA71FB2880271500DD9B8A /* Response.swift in Sources */,
				176453F52879ADDC0041920E /* URLRequests.swift in Sources */,
				17EA7203288038E400DD9B8A /* GroupData.swift in Sources */,
				17645417287B07390041920E /* Groups.swift in Sources */,
				17C9AF732869CF7F00D8E198 /* CollectionViewCell.swift in Sources */,
				175E817F2869AEF900D43246 /* LoginViewController.swift in Sources */,
				17C9AF772869CF9B00D8E198 /* TableViewCell.swift in Sources */,
				17C9AF6C2869CAE600D8E198 /* GalleryViewController.swift in Sources */,
				17EA7200288035EC00DD9B8A /* PhotoData.swift in Sources */,
				175E817B2869AEF900D43246 /* AppDelegate.swift in Sources */,
				175E817D2869AEF900D43246 /* SceneDelegate.swift in Sources */,
				17C9AF7B286AD60C00D8E198 /* readme.swift in Sources */,
				17C9AF702869CF6000D8E198 /* Extension.swift in Sources */,
			);
			runOnlyForDeploymentPostprocessing = 0;
		};
/* End PBXSourcesBuildPhase section */

/* Begin PBXVariantGroup section */
		175E81802869AEF900D43246 /* Main.storyboard */ = {
			isa = PBXVariantGroup;
			children = (
				175E81812869AEF900D43246 /* Base */,
			);
			name = Main.storyboard;
			sourceTree = "<group>";
		};
		175E81852869AEFB00D43246 /* LaunchScreen.storyboard */ = {
			isa = PBXVariantGroup;
			children = (
				175E81862869AEFB00D43246 /* Base */,
			);
			name = LaunchScreen.storyboard;
			sourceTree = "<group>";
		};
/* End PBXVariantGroup section */

/* Begin XCBuildConfiguration section */
		175E81892869AEFB00D43246 /* Debug */ = {
			isa = XCBuildConfiguration;
			buildSettings = {
				ALWAYS_SEARCH_USER_PATHS = NO;
				CLANG_ANALYZER_NONNULL = YES;
				CLANG_ANALYZER_NUMBER_OBJECT_CONVERSION = YES_AGGRESSIVE;
				CLANG_CXX_LANGUAGE_STANDARD = "gnu++17";
				CLANG_ENABLE_MODULES = YES;
				CLANG_ENABLE_OBJC_ARC = YES;
				CLANG_ENABLE_OBJC_WEAK = YES;
				CLANG_WARN_BLOCK_CAPTURE_AUTORELEASING = YES;
				CLANG_WARN_BOOL_CONVERSION = YES;
				CLANG_WARN_COMMA = YES;
				CLANG_WARN_CONSTANT_CONVERSION = YES;
				CLANG_WARN_DEPRECATED_OBJC_IMPLEMENTATIONS = YES;
				CLANG_WARN_DIRECT_OBJC_ISA_USAGE = YES_ERROR;
				CLANG_WARN_DOCUMENTATION_COMMENTS = YES;
				CLANG_WARN_EMPTY_BODY = YES;
				CLANG_WARN_ENUM_CONVERSION = YES;
				CLANG_WARN_INFINITE_RECURSION = YES;
				CLANG_WARN_INT_CONVERSION = YES;
				CLANG_WARN_NON_LITERAL_NULL_CONVERSION = YES;
				CLANG_WARN_OBJC_IMPLICIT_RETAIN_SELF = YES;
				CLANG_WARN_OBJC_LITERAL_CONVERSION = YES;
				CLANG_WARN_OBJC_ROOT_CLASS = YES_ERROR;
				CLANG_WARN_QUOTED_INCLUDE_IN_FRAMEWORK_HEADER = YES;
				CLANG_WARN_RANGE_LOOP_ANALYSIS = YES;
				CLANG_WARN_STRICT_PROTOTYPES = YES;
				CLANG_WARN_SUSPICIOUS_MOVE = YES;
				CLANG_WARN_UNGUARDED_AVAILABILITY = YES_AGGRESSIVE;
				CLANG_WARN_UNREACHABLE_CODE = YES;
				CLANG_WARN__DUPLICATE_METHOD_MATCH = YES;
				COPY_PHASE_STRIP = NO;
				DEBUG_INFORMATION_FORMAT = dwarf;
				ENABLE_STRICT_OBJC_MSGSEND = YES;
				ENABLE_TESTABILITY = YES;
				GCC_C_LANGUAGE_STANDARD = gnu11;
				GCC_DYNAMIC_NO_PIC = NO;
				GCC_NO_COMMON_BLOCKS = YES;
				GCC_OPTIMIZATION_LEVEL = 0;
				GCC_PREPROCESSOR_DEFINITIONS = (
					"DEBUG=1",
					"$(inherited)",
				);
				GCC_WARN_64_TO_32_BIT_CONVERSION = YES;
				GCC_WARN_ABOUT_RETURN_TYPE = YES_ERROR;
				GCC_WARN_UNDECLARED_SELECTOR = YES;
				GCC_WARN_UNINITIALIZED_AUTOS = YES_AGGRESSIVE;
				GCC_WARN_UNUSED_FUNCTION = YES;
				GCC_WARN_UNUSED_VARIABLE = YES;
				IPHONEOS_DEPLOYMENT_TARGET = 15.5;
				MTL_ENABLE_DEBUG_INFO = INCLUDE_SOURCE;
				MTL_FAST_MATH = YES;
				ONLY_ACTIVE_ARCH = YES;
				SDKROOT = iphoneos;
				SWIFT_ACTIVE_COMPILATION_CONDITIONS = DEBUG;
				SWIFT_OPTIMIZATION_LEVEL = "-Onone";
			};
			name = Debug;
		};
		175E818A2869AEFB00D43246 /* Release */ = {
			isa = XCBuildConfiguration;
			buildSettings = {
				ALWAYS_SEARCH_USER_PATHS = NO;
				CLANG_ANALYZER_NONNULL = YES;
				CLANG_ANALYZER_NUMBER_OBJECT_CONVERSION = YES_AGGRESSIVE;
				CLANG_CXX_LANGUAGE_STANDARD = "gnu++17";
				CLANG_ENABLE_MODULES = YES;
				CLANG_ENABLE_OBJC_ARC = YES;
				CLANG_ENABLE_OBJC_WEAK = YES;
				CLANG_WARN_BLOCK_CAPTURE_AUTORELEASING = YES;
				CLANG_WARN_BOOL_CONVERSION = YES;
				CLANG_WARN_COMMA = YES;
				CLANG_WARN_CONSTANT_CONVERSION = YES;
				CLANG_WARN_DEPRECATED_OBJC_IMPLEMENTATIONS = YES;
				CLANG_WARN_DIRECT_OBJC_ISA_USAGE = YES_ERROR;
				CLANG_WARN_DOCUMENTATION_COMMENTS = YES;
				CLANG_WARN_EMPTY_BODY = YES;
				CLANG_WARN_ENUM_CONVERSION = YES;
				CLANG_WARN_INFINITE_RECURSION = YES;
				CLANG_WARN_INT_CONVERSION = YES;
				CLANG_WARN_NON_LITERAL_NULL_CONVERSION = YES;
				CLANG_WARN_OBJC_IMPLICIT_RETAIN_SELF = YES;
				CLANG_WARN_OBJC_LITERAL_CONVERSION = YES;
				CLANG_WARN_OBJC_ROOT_CLASS = YES_ERROR;
				CLANG_WARN_QUOTED_INCLUDE_IN_FRAMEWORK_HEADER = YES;
				CLANG_WARN_RANGE_LOOP_ANALYSIS = YES;
				CLANG_WARN_STRICT_PROTOTYPES = YES;
				CLANG_WARN_SUSPICIOUS_MOVE = YES;
				CLANG_WARN_UNGUARDED_AVAILABILITY = YES_AGGRESSIVE;
				CLANG_WARN_UNREACHABLE_CODE = YES;
				CLANG_WARN__DUPLICATE_METHOD_MATCH = YES;
				COPY_PHASE_STRIP = NO;
				DEBUG_INFORMATION_FORMAT = "dwarf-with-dsym";
				ENABLE_NS_ASSERTIONS = NO;
				ENABLE_STRICT_OBJC_MSGSEND = YES;
				GCC_C_LANGUAGE_STANDARD = gnu11;
				GCC_NO_COMMON_BLOCKS = YES;
				GCC_WARN_64_TO_32_BIT_CONVERSION = YES;
				GCC_WARN_ABOUT_RETURN_TYPE = YES_ERROR;
				GCC_WARN_UNDECLARED_SELECTOR = YES;
				GCC_WARN_UNINITIALIZED_AUTOS = YES_AGGRESSIVE;
				GCC_WARN_UNUSED_FUNCTION = YES;
				GCC_WARN_UNUSED_VARIABLE = YES;
				IPHONEOS_DEPLOYMENT_TARGET = 15.5;
				MTL_ENABLE_DEBUG_INFO = NO;
				MTL_FAST_MATH = YES;
				SDKROOT = iphoneos;
				SWIFT_COMPILATION_MODE = wholemodule;
				SWIFT_OPTIMIZATION_LEVEL = "-O";
				VALIDATE_PRODUCT = YES;
			};
			name = Release;
		};
		175E818C2869AEFB00D43246 /* Debug */ = {
			isa = XCBuildConfiguration;
			buildSettings = {
				ASSETCATALOG_COMPILER_APPICON_NAME = AppIcon;
				ASSETCATALOG_COMPILER_GLOBAL_ACCENT_COLOR_NAME = AccentColor;
				CODE_SIGN_STYLE = Automatic;
				CURRENT_PROJECT_VERSION = 1;
				DEVELOPMENT_TEAM = QFN7P6T3H7;
				GENERATE_INFOPLIST_FILE = YES;
				INFOPLIST_FILE = "Social Network Client/Info.plist";
				INFOPLIST_KEY_LSApplicationCategoryType = "";
				INFOPLIST_KEY_UIApplicationSupportsIndirectInputEvents = YES;
				INFOPLIST_KEY_UILaunchStoryboardName = LaunchScreen;
				INFOPLIST_KEY_UIMainStoryboardFile = Main;
				INFOPLIST_KEY_UISupportedInterfaceOrientations_iPad = "UIInterfaceOrientationPortrait UIInterfaceOrientationPortraitUpsideDown UIInterfaceOrientationLandscapeLeft UIInterfaceOrientationLandscapeRight";
				INFOPLIST_KEY_UISupportedInterfaceOrientations_iPhone = "UIInterfaceOrientationPortrait UIInterfaceOrientationLandscapeLeft UIInterfaceOrientationLandscapeRight";
				LD_RUNPATH_SEARCH_PATHS = (
					"$(inherited)",
					"@executable_path/Frameworks",
				);
				MARKETING_VERSION = 1.0;
				PRODUCT_BUNDLE_IDENTIFIER = "ua.Social-Network-Client";
				PRODUCT_NAME = "$(TARGET_NAME)";
				SWIFT_EMIT_LOC_STRINGS = YES;
				SWIFT_VERSION = 5.0;
				TARGETED_DEVICE_FAMILY = 1;
			};
			name = Debug;
		};
		175E818D2869AEFB00D43246 /* Release */ = {
			isa = XCBuildConfiguration;
			buildSettings = {
				ASSETCATALOG_COMPILER_APPICON_NAME = AppIcon;
				ASSETCATALOG_COMPILER_GLOBAL_ACCENT_COLOR_NAME = AccentColor;
				CODE_SIGN_STYLE = Automatic;
				CURRENT_PROJECT_VERSION = 1;
				DEVELOPMENT_TEAM = QFN7P6T3H7;
				GENERATE_INFOPLIST_FILE = YES;
				INFOPLIST_FILE = "Social Network Client/Info.plist";
				INFOPLIST_KEY_LSApplicationCategoryType = "";
				INFOPLIST_KEY_UIApplicationSupportsIndirectInputEvents = YES;
				INFOPLIST_KEY_UILaunchStoryboardName = LaunchScreen;
				INFOPLIST_KEY_UIMainStoryboardFile = Main;
				INFOPLIST_KEY_UISupportedInterfaceOrientations_iPad = "UIInterfaceOrientationPortrait UIInterfaceOrientationPortraitUpsideDown UIInterfaceOrientationLandscapeLeft UIInterfaceOrientationLandscapeRight";
				INFOPLIST_KEY_UISupportedInterfaceOrientations_iPhone = "UIInterfaceOrientationPortrait UIInterfaceOrientationLandscapeLeft UIInterfaceOrientationLandscapeRight";
				LD_RUNPATH_SEARCH_PATHS = (
					"$(inherited)",
					"@executable_path/Frameworks",
				);
				MARKETING_VERSION = 1.0;
				PRODUCT_BUNDLE_IDENTIFIER = "ua.Social-Network-Client";
				PRODUCT_NAME = "$(TARGET_NAME)";
				SWIFT_EMIT_LOC_STRINGS = YES;
				SWIFT_VERSION = 5.0;
				TARGETED_DEVICE_FAMILY = 1;
			};
			name = Release;
		};
/* End XCBuildConfiguration section */

/* Begin XCConfigurationList section */
		175E81722869AEF900D43246 /* Build configuration list for PBXProject "Social Network Client" */ = {
			isa = XCConfigurationList;
			buildConfigurations = (
				175E81892869AEFB00D43246 /* Debug */,
				175E818A2869AEFB00D43246 /* Release */,
			);
			defaultConfigurationIsVisible = 0;
			defaultConfigurationName = Release;
		};
		175E818B2869AEFB00D43246 /* Build configuration list for PBXNativeTarget "Social Network Client" */ = {
			isa = XCConfigurationList;
			buildConfigurations = (
				175E818C2869AEFB00D43246 /* Debug */,
				175E818D2869AEFB00D43246 /* Release */,
			);
			defaultConfigurationIsVisible = 0;
			defaultConfigurationName = Release;
		};
/* End XCConfigurationList section */
	};
	rootObject = 175E816F2869AEF900D43246 /* Project object */;
}
